github.com/aws/aws-lambda-go v1.41.0 h1:l/5fyVb6Ud9uYd411xdHZzSf2n86TakxzpvIoz7l+3Y=
github.com/aws/aws-lambda-go v1.41.0/go.mod h1:jwFe2KmMsHmffA1X2R09hH6lFzJQxzI8qK17ewzbQMM=
github.com/aws/aws-sdk-go-v2 v1.21.0/go.mod h1:/RfNgGmRxI+iFOB1OeJUyxiU+9s88k3pfHvDagGEp0M=
github.com/aws/aws-sdk-go-v2 v1.21.1 h1:wjHYshtPpYOZm+/mu3NhVgRRc0baM6LJZOmxPZ5Cwzs=
github.com/aws/aws-sdk-go-v2 v1.21.1/go.mod h1:ErQhvNuEMhJjweavOYhxVkn2RUx7kQXVATHrjKtxIpM=
github.com/aws/aws-sdk-go-v2/config v1.18.39 h1:oPVyh6fuu/u4OiW4qcuQyEtk7U7uuNBmHmJSLg1AJsQ=
github.com/aws/aws-sdk-go-v2/config v1.18.39/go.mod h1:+NH/ZigdPckFpgB1TRcRuWCB/Kbbvkxc/iNAKTq5RhE=
github.com/aws/aws-sdk-go-v2/credentials v1.13.37 h1:BvEdm09+ZEh2XtN+PVHPcYwKY3wIeB6pw7vPRM4M9/U=
github.com/aws/aws-sdk-go-v2/credentials v1.13.37/go.mod h1:ACLrdkd4CLZyXOghZ8IYumQbcooAcp2jo/s2xsFH8IM=
github.com/aws/aws-sdk-go-v2/feature/ec2/imds v1.13.11 h1:uDZJF1hu0EVT/4bogChk8DyjSF6fof6uL/0Y26Ma7Fg=
github.com/aws/aws-sdk-go-v2/feature/ec2/imds v1.13.11/go.mod h1:TEPP4tENqBGO99KwVpV9MlOX4NSrSLP8u3KRy2CDwA8=
github.com/aws/aws-sdk-go-v2/internal/configsources v1.1.41/go.mod h1:CrObHAuPneJBlfEJ5T3szXOUkLEThaGfvnhTf33buas=
github.com/aws/aws-sdk-go-v2/internal/configsources v1.1.42 h1:817VqVe6wvwE46xXy6YF5RywvjOX6U2zRQQ6IbQFK0s=
github.com/aws/aws-sdk-go-v2/internal/configsources v1.1.42/go.mod h1:oDfgXoBBmj+kXnqxDDnIDnC56QBosglKp8ftRCTxR+0=
github.com/aws/aws-sdk-go-v2/internal/endpoints/v2 v2.4.35/go.mod h1:SJC1nEVVva1g3pHAIdCp7QsRIkMmLAgoDquQ9Rr8kYw=
github.com/aws/aws-sdk-go-v2/internal/endpoints/v2 v2.4.36 h1:7ZApaXzWbo8slc+W5TynuUlB4z66g44h7uqa3/d/BsY=
github.com/aws/aws-sdk-go-v2/internal/endpoints/v2 v2.4.36/go.mod h1:rwr4WnmFi3RJO0M4dxbJtgi9BPLMpVBMX1nUte5ha9U=
github.com/aws/aws-sdk-go-v2/internal/ini v1.3.42 h1:GPUcE/Yq7Ur8YSUk6lVkoIMWnJNO0HT18GUzCWCgCI0=
github.com/aws/aws-sdk-go-v2/internal/ini v1.3.42/go.mod h1:rzfdUlfA+jdgLDmPKjd3Chq9V7LVLYo1Nz++Wb91aRo=
github.com/aws/aws-sdk-go-v2/service/internal/presigned-url v1.9.35 h1:CdzPW9kKitgIiLV1+MHobfR5Xg25iYnyzWZhyQuSlDI=
github.com/aws/aws-sdk-go-v2/service/internal/presigned-url v1.9.35/go.mod h1:QGF2Rs33W5MaN9gYdEQOBBFPLwTZkEhRwI33f7KIG0o=
github.com/aws/aws-sdk-go-v2/service/secretsmanager v1.21.4 h1:LUtjmUxYPkiFkiVyvLmHVcuthVPnEKd0hEprTOVRTS0=
github.com/aws/aws-sdk-go-v2/service/secretsmanager v1.21.4/go.mod h1:Bph0xA97xjEciochtR3JKrgGHt1psILMtFgu3KAbiBE=
github.com/aws/aws-sdk-go-v2/service/sns v1.22.1 h1:j2DgtkzIbSp5yeVpZnrjGidq1p/oE5fnkFYcaNqSC9k=
github.com/aws/aws-sdk-go-v2/service/sns v1.22.1/go.mod h1:+qwuzG0Vu2zE86DLRLbHdtpQRD+mwCrRU3rpPcYezK8=
github.com/aws/aws-sdk-go-v2/service/sso v1.13.6 h1:2PylFCfKCEDv6PeSN09pC/VUiRd10wi1VfHG5FrW0/g=
github.com/aws/aws-sdk-go-v2/service/sso v1.13.6/go.mod h1:fIAwKQKBFu90pBxx07BFOMJLpRUGu8VOzLJakeY+0K4=
github.com/aws/aws-sdk-go-v2/service/ssooidc v1.15.6 h1:pSB560BbVj9ZlJZF4WYj5zsytWHWKxg+NgyGV4B2L58=
github.com/aws/aws-sdk-go-v2/service/ssooidc v1.15.6/go.mod h1:yygr8ACQRY2PrEcy3xsUI357stq2AxnFM6DIsR9lij4=
github.com/aws/aws-sdk-go-v2/service/sts v1.21.5 h1:CQBFElb0LS8RojMJlxRSo/HXipvTZW2S44Lt9Mk2aYQ=
github.com/aws/aws-sdk-go-v2/service/sts v1.21.5/go.mod h1:VC7JDqsqiwXukYEDjoHh9U0fOJtNWh04FPQz4ct4GGU=
github.com/aws/smithy-go v1.14.2/go.mod h1:Tg+OJXh4MB2R/uN61Ko2f6hTZwB/ZYGOtib8J3gBHzA=
github.com/aws/smithy-go v1.15.0 h1:PS/durmlzvAFpQHDs4wi4sNNP9ExsqZh6IlfdHXgKK8=
github.com/aws/smithy-go v1.15.0/go.mod h1:Tg+OJXh4MB2R/uN61Ko2f6hTZwB/ZYGOtib8J3gBHzA=
github.com/davecgh/go-spew v1.1.0/go.mod h1:J7Y8YcW2NihsgmVo/mv3lAwl/skON4iLHjSsI+c5H38=
github.com/davecgh/go-spew v1.1.1 h1:vj9j/u1bqnvCEfJOwUhtlOARqs3+rkHYY13jYWTU97c=
github.com/golang/protobuf v1.5.0/go.mod h1:FsONVRAS9T7sI+LIUmWTfcYkHO4aIWwzhcaSAoJOfIk=
github.com/golang/protobuf v1.5.3 h1:KhyjKVUg7Usr/dYsdSqoFveMYd5ko72D+zANwlG1mmg=
github.com/golang/protobuf v1.5.3/go.mod h1:XVQd3VNwM+JqD3oG2Ue2ip4fOMUkwXdXDdiuN0vRsmY=
github.com/google/go-cmp v0.5.2/go.mod h1:v8dTdLbMG2kIc/vJvl+f65V22dbkXbowE6jgT/gNBxE=
github.com/google/go-cmp v0.5.5/go.mod h1:v8dTdLbMG2kIc/vJvl+f65V22dbkXbowE6jgT/gNBxE=
github.com/google/go-cmp v0.5.8/go.mod h1:17dUlkBOakJ0+DkrSSNjCkIjxS6bF9zb3elmeNGIjoY=
github.com/google/go-cmp v0.5.9 h1:O2Tfq5qg4qc4AmwVlvv0oLiVAGB7enBSJ2x2DqQFi38=
github.com/google/go-github/v47 v47.1.0 h1:Cacm/WxQBOa9lF0FT0EMjZ2BWMetQ1TQfyurn4yF1z8=
github.com/google/go-github/v47 v47.1.0/go.mod h1:VPZBXNbFSJGjyjFRUKo9vZGawTajnWzC/YjGw/oFKi0=
github.com/google/go-querystring v1.1.0 h1:AnCroh3fv4ZBgVIf1Iwtovgjaw/GiKJo8M8yD/fhyJ8=
github.com/google/go-querystring v1.1.0/go.mod h1:Kcdr2DB4koayq7X8pmAG4sNG59So17icRSOU623lUBU=
github.com/jmespath/go-jmespath v0.4.0/go.mod h1:T8mJZnbsbmF+m6zOOFylbeCJqk5+pHWvzYPziyZiYoo=
github.com/jmespath/go-jmespath/internal/testify v1.5.1/go.mod h1:L3OGu8Wl2/fWfCI6z80xFu9LTZmf1ZRjMHUOPmWr69U=
github.com/pentops/o5-go v0.0.0-20231009002711-65caa2e1b5ce h1:h2XImB8jnKLUjUUrFI7Pl6XsK6pBN6PRFjemx0fARzY=
github.com/pentops/o5-go v0.0.0-20231009002711-65caa2e1b5ce/go.mod h1:YREzbtRQB7StF9H49EBFAzlk0hsD1h2tkMlEb7ybN2U=
github.com/pmezard/go-difflib v1.0.0 h1:4DBwDE0NGyQoBHbLQYPwSUPoCMWR5BEzIk/f1lZbAQM=
github.com/pmezard/go-difflib v1.0.0/go.mod h1:iKH77koFhYxTK1pcRnkKkqfTogsbg7gZNVY4sRDYZ/4=
github.com/stretchr/objx v0.1.0/go.mod h1:HFkY916IF+rwdDfMAkV7OtwuqBVzrE8GR6GFx+wExME=
github.com/stretchr/testify v1.8.4 h1:CcVxjf3Q8PM0mHUKJCdn+eZZtm5yQwehR5yeSVQQcUk=
github.com/stretchr/testify v1.8.4/go.mod h1:sz/lmYIOXD/1dqDmKjjqLyZ2RngseejIcXlSw2iwfAo=
golang.org/x/crypto v0.14.0 h1:wBqGXzWJW6m1XrIKlAH0Hs1JJ7+9KBwnIO8v66Q9cHc=
golang.org/x/crypto v0.14.0/go.mod h1:MVFd36DqK4CsrnJYDkBA3VC4m2GkXAM0PvzMCn4JQf4=
golang.org/x/exp v0.0.0-20230905200255-921286631fa9 h1:GoHiUyI/Tp2nVkLI2mCxVkOjsbSXD66ic0XW0js0R9g=
golang.org/x/exp v0.0.0-20230905200255-921286631fa9/go.mod h1:S2oDrQGGwySpoQPVqRShND87VCbxmc6bL1Yd2oYrm6k=
golang.org/x/net v0.10.0 h1:X2//UzNDwYmtCLn7To6G58Wr6f5ahEAQgKNzv9Y951M=
golang.org/x/net v0.10.0/go.mod h1:0qNGK6F8kojg2nk9dLZ2mShWaEBan6FAoqfSigmmuDg=
golang.org/x/sys v0.13.0 h1:Af8nKPmuFypiUBjVoU9V20FiaFXOcuZI21p0ycVYYGE=
golang.org/x/sys v0.13.0/go.mod h1:oPkhp1MJrh7nUepCBck5+mAzfO9JrbApNNgaTdGDITg=
golang.org/x/text v0.13.0 h1:ablQoSUd0tRdKxZewP80B+BaqeKJuVhuRxj/dkrun3k=
golang.org/x/text v0.13.0/go.mod h1:TvPlkZtksWOMsz7fbANvkp4WM8x/WCo/om8BMLbz+aE=
golang.org/x/xerrors v0.0.0-20191204190536-9bdfabe68543/go.mod h1:I/5z698sn9Ka8TeJc9MKroUUfqBBauWjQqLJ2OPfmY0=
google.golang.org/genproto/googleapis/rpc v0.0.0-20231002182017-d307bd883b97 h1:6GQBEOdGkX6MMTLT9V+TjtIRZCw9VPD5Z+yHY9wMgS0=
google.golang.org/genproto/googleapis/rpc v0.0.0-20231002182017-d307bd883b97/go.mod h1:v7nGkzlmW8P3n/bKmWBn2WpBjpOEx8Q6gMueudAmKfY=
google.golang.org/grpc v1.56.2 h1:fVRFRnXvU+x6C4IlHZewvJOVHoOv1TUuQyoRsYnB4bI=
google.golang.org/grpc v1.56.2/go.mod h1:I9bI3vqKfayGqPUAwGdOSu7kt6oIJLixfffKrpXqQ9s=
google.golang.org/protobuf v1.26.0-rc.1/go.mod h1:jlhhOSvTdKEhbULTjvd4ARK9grFBp09yW+WbY/TyQbw=
google.golang.org/protobuf v1.26.0/go.mod h1:9q0QmTI4eRPtz6boOQmLYwt+qCgq0jsYwAQnmE0givc=
google.golang.org/protobuf v1.31.0 h1:g0LDEJHgrBl9N9r17Ru3sqWhkIx2NB67okBHPwC7hs8=
google.golang.org/protobuf v1.31.0/go.mod h1:HV8QOd/L58Z+nl8r43ehVNZIU/HEI6OcFqwMG9pJV4I=
gopkg.daemonl.com/envconf v0.0.0-20220909014755-d65ec77bd452 h1:o3GxEB2X2+IpUsC70ld3vWv68UVARMC/ygUPQ5MFD+k=
gopkg.daemonl.com/envconf v0.0.0-20220909014755-d65ec77bd452/go.mod h1:bVXSKkePHHubtEgvoVrjuRAQOeie9ITEFm0moC/gpc0=
gopkg.daemonl.com/log v0.0.13 h1:y15F+/WF/XojS1iS2ky9f1KcU5dC4DBIuUcEn458jPY=
gopkg.daemonl.com/log v0.0.13/go.mod h1:Dfp3yqXsgnxrZPm889AWZMiFyGP7ZXNdREqH66EPqRk=
gopkg.in/check.v1 v0.0.0-20161208181325-20d25e280405/go.mod h1:Co6ibVJAznAaIkqp8huTwlJQCZ016jof/cbN4VW5Yz0=
gopkg.in/yaml.v2 v2.2.8/go.mod h1:hI93XBmqTisBFMUTm0b8Fm+jr3Dg1NNxqwp+5A1VGuI=
gopkg.in/yaml.v3 v3.0.1 h1:fxVm/GzAzEWqLHuvctI91KS9hhNmmWOoWu0XTYJS7CA=
