buf.build/gen/go/bufbuild/protovalidate/protocolbuffers/go v1.34.1-20240508200655-46a4cf4ba109.1 h1:LEXWFH/xZ5oOWrC3oOtHbUyBdzRWMCPpAQmKC9v05mA=
buf.build/gen/go/bufbuild/protovalidate/protocolbuffers/go v1.34.1-20240508200655-46a4cf4ba109.1/go.mod h1:XF+P8+RmfdufmIYpGUC+6bF7S+IlmHDEnCrO3OXaUAQ=
github.com/aws/aws-lambda-go v1.41.0 h1:l/5fyVb6Ud9uYd411xdHZzSf2n86TakxzpvIoz7l+3Y=
github.com/aws/aws-lambda-go v1.41.0/go.mod h1:jwFe2KmMsHmffA1X2R09hH6lFzJQxzI8qK17ewzbQMM=
github.com/aws/aws-sdk-go-v2 v1.27.0 h1:7bZWKoXhzI+mMR/HjdMx8ZCC5+6fY0lS5tr0bbgiLlo=
github.com/aws/aws-sdk-go-v2 v1.27.0/go.mod h1:ffIFB97e2yNsv4aTSGkqtHnppsIJzw7G7BReUZ3jCXM=
github.com/aws/aws-sdk-go-v2/config v1.27.16 h1:knpCuH7laFVGYTNd99Ns5t+8PuRjDn4HnnZK48csipM=
github.com/aws/aws-sdk-go-v2/config v1.27.16/go.mod h1:vutqgRhDUktwSge3hrC3nkuirzkJ4E/mLj5GvI0BQas=
github.com/aws/aws-sdk-go-v2/credentials v1.17.16 h1:7d2QxY83uYl0l58ceyiSpxg9bSbStqBC6BeEeHEchwo=
github.com/aws/aws-sdk-go-v2/credentials v1.17.16/go.mod h1:Ae6li/6Yc6eMzysRL2BXlPYvnrLLBg3D11/AmOjw50k=
github.com/aws/aws-sdk-go-v2/feature/ec2/imds v1.16.3 h1:dQLK4TjtnlRGb0czOht2CevZ5l6RSyRWAnKeGd7VAFE=
github.com/aws/aws-sdk-go-v2/feature/ec2/imds v1.16.3/go.mod h1:TL79f2P6+8Q7dTsILpiVST+AL9lkF6PPGI167Ny0Cjw=
github.com/aws/aws-sdk-go-v2/internal/configsources v1.3.7 h1:lf/8VTF2cM+N4SLzaYJERKEWAXq8MOMpZfU6wEPWsPk=
github.com/aws/aws-sdk-go-v2/internal/configsources v1.3.7/go.mod h1:4SjkU7QiqK2M9oozyMzfZ/23LmUY+h3oFqhdeP5OMiI=
github.com/aws/aws-sdk-go-v2/internal/endpoints/v2 v2.6.7 h1:4OYVp0705xu8yjdyoWix0r9wPIRXnIzzOoUpQVHIJ/g=
github.com/aws/aws-sdk-go-v2/internal/endpoints/v2 v2.6.7/go.mod h1:vd7ESTEvI76T2Na050gODNmNU7+OyKrIKroYTu4ABiI=
github.com/aws/aws-sdk-go-v2/internal/ini v1.8.0 h1:hT8rVHwugYE2lEfdFE0QWVo81lF7jMrYJVDWI+f+VxU=
github.com/aws/aws-sdk-go-v2/internal/ini v1.8.0/go.mod h1:8tu/lYfQfFe6IGnaOdrpVgEL2IrrDOf6/m9RQum4NkY=
github.com/aws/aws-sdk-go-v2/internal/v4a v1.3.7 h1:/FUtT3xsoHO3cfh+I/kCbcMCN98QZRsiFet/V8QkWSs=
github.com/aws/aws-sdk-go-v2/internal/v4a v1.3.7/go.mod h1:MaCAgWpGooQoCWZnMur97rGn5dp350w2+CeiV5406wE=
github.com/aws/aws-sdk-go-v2/service/eventbridge v1.31.2 h1:I46yfKnL3uc8RKU1Rin4kRfb+pOq1syGCNrVKhMyKx4=
github.com/aws/aws-sdk-go-v2/service/eventbridge v1.31.2/go.mod h1:H69fMdoeNRj4xalIaWYSpniE3ghC69qaifDnqYiUbP0=
github.com/aws/aws-sdk-go-v2/service/internal/accept-encoding v1.11.2 h1:Ji0DY1xUsUr3I8cHps0G+XM3WWU16lP6yG8qu1GAZAs=
github.com/aws/aws-sdk-go-v2/service/internal/accept-encoding v1.11.2/go.mod h1:5CsjAbs3NlGQyZNFACh+zztPDI7fU6eW9QsxjfnuBKg=
github.com/aws/aws-sdk-go-v2/service/internal/presigned-url v1.11.9 h1:Wx0rlZoEJR7JwlSZcHnEa7CNjrSIyVxMFWGAaXy4fJY=
github.com/aws/aws-sdk-go-v2/service/internal/presigned-url v1.11.9/go.mod h1:aVMHdE0aHO3v+f/iw01fmXV/5DbfQ3Bi9nN7nd9bE9Y=
github.com/aws/aws-sdk-go-v2/service/secretsmanager v1.25.1 h1:gQm31RBvxft4PYLy8d6V/8wjlUWAA8/NWSOfx+d/5Fk=
github.com/aws/aws-sdk-go-v2/service/secretsmanager v1.25.1/go.mod h1:N/QCLJS0Om2/uvAIQ/UCYW8BpJl0q3DiyyIgRq3WAT4=
github.com/aws/aws-sdk-go-v2/service/sns v1.26.7 h1:DylmW2c1Z7qGxN3Y02k+voPbtM1mh7Rp+gV+7maG5io=
github.com/aws/aws-sdk-go-v2/service/sns v1.26.7/go.mod h1:mLFiISZfiZAqZEfPWUsZBK8gD4dYCKuKAfapV+KrIVQ=
github.com/aws/aws-sdk-go-v2/service/sqs v1.30.0 h1:YaTVomKPwEuzYnJS/bV9xdZ//GO0j3B1exwP5Mqi1qY=
github.com/aws/aws-sdk-go-v2/service/sqs v1.30.0/go.mod h1:4phHwV34rLb+56VjTud2w7hBu5Q57YIKFIA8Httzljg=
github.com/aws/aws-sdk-go-v2/service/sso v1.20.9 h1:aD7AGQhvPuAxlSUfo0CWU7s6FpkbyykMhGYMvlqTjVs=
github.com/aws/aws-sdk-go-v2/service/sso v1.20.9/go.mod h1:c1qtZUWtygI6ZdvKppzCSXsDOq5I4luJPZ0Ud3juFCA=
github.com/aws/aws-sdk-go-v2/service/ssooidc v1.24.3 h1:Pav5q3cA260Zqez42T9UhIlsd9QeypszRPwC9LdSSsQ=
github.com/aws/aws-sdk-go-v2/service/ssooidc v1.24.3/go.mod h1:9lmoVDVLz/yUZwLaQ676TK02fhCu4+PgRSmMaKR1ozk=
github.com/aws/aws-sdk-go-v2/service/sts v1.28.10 h1:69tpbPED7jKPyzMcrwSvhWcJ9bPnZsZs18NT40JwM0g=
github.com/aws/aws-sdk-go-v2/service/sts v1.28.10/go.mod h1:0Aqn1MnEuitqfsCNyKsdKLhDUOr4txD/g19EfiUqgws=
github.com/aws/smithy-go v1.20.2 h1:tbp628ireGtzcHDDmLT/6ADHidqnwgF57XOXZe6tp4Q=
github.com/aws/smithy-go v1.20.2/go.mod h1:krry+ya/rV9RDcV/Q16kpu6ypI4K2czasz0NC3qS14E=
github.com/davecgh/go-spew v1.1.1 h1:vj9j/u1bqnvCEfJOwUhtlOARqs3+rkHYY13jYWTU97c=
github.com/davecgh/go-spew v1.1.1/go.mod h1:J7Y8YcW2NihsgmVo/mv3lAwl/skON4iLHjSsI+c5H38=
github.com/golang/protobuf v1.5.0/go.mod h1:FsONVRAS9T7sI+LIUmWTfcYkHO4aIWwzhcaSAoJOfIk=
github.com/google/go-cmp v0.5.2/go.mod h1:v8dTdLbMG2kIc/vJvl+f65V22dbkXbowE6jgT/gNBxE=
github.com/google/go-cmp v0.5.5/go.mod h1:v8dTdLbMG2kIc/vJvl+f65V22dbkXbowE6jgT/gNBxE=
github.com/google/go-cmp v0.6.0 h1:ofyhxvXcZhMsU5ulbFiLKl/XBFqE1GSq7atu8tAmTRI=
github.com/google/go-cmp v0.6.0/go.mod h1:17dUlkBOakJ0+DkrSSNjCkIjxS6bF9zb3elmeNGIjoY=
github.com/google/go-github/v47 v47.1.0 h1:Cacm/WxQBOa9lF0FT0EMjZ2BWMetQ1TQfyurn4yF1z8=
github.com/google/go-github/v47 v47.1.0/go.mod h1:VPZBXNbFSJGjyjFRUKo9vZGawTajnWzC/YjGw/oFKi0=
github.com/google/go-querystring v1.1.0 h1:AnCroh3fv4ZBgVIf1Iwtovgjaw/GiKJo8M8yD/fhyJ8=
github.com/google/go-querystring v1.1.0/go.mod h1:Kcdr2DB4koayq7X8pmAG4sNG59So17icRSOU623lUBU=
github.com/google/uuid v1.6.0 h1:NIvaJDMOsjHA8n1jAhLSgzrAzy1Hgr+hNrb57e+94F0=
github.com/google/uuid v1.6.0/go.mod h1:TIyPZe4MgqvfeYDBFedMoGGpEw/LqOeaOT+nhxU+yHo=
github.com/pentops/log.go v0.0.0-20240523172444-85c9292a83db h1:+d9Omr3fQ/A7f318vAReTDjPfH4t9XbcnCF8w6TD3Hs=
github.com/pentops/log.go v0.0.0-20240523172444-85c9292a83db/go.mod h1:UXhrs+VZ6cWZ7b/v8AtuvBZc5nwS5WFHP94JoFrZQA8=
github.com/pentops/o5-go v0.0.0-20240528195917-c3143ac171a2 h1:CX2HkNsawDlSyXB91lNDx17L84GcStoyGi592vV7Cwc=
github.com/pentops/o5-go v0.0.0-20240528195917-c3143ac171a2/go.mod h1:6p4zfvR4nHucw9y4PxPV3NFmteoQrvkk0xHL9mSepmU=
github.com/pentops/o5-runtime-sidecar v0.0.0-20240531201538-5bf7cbfba244 h1:IY+f4mSuYbB9mWrekAk7foyHPxZ+gU7wayDSl4tq+c8=
github.com/pentops/o5-runtime-sidecar v0.0.0-20240531201538-5bf7cbfba244/go.mod h1:Kq62pEOtoPlZ+EYc/LLfZa6hEHN41hiyTjzaG+BHm5M=
github.com/pentops/registry v0.0.0-20240604162659-cae1180fc911 h1:v/OzYys3NCVSJrUJohSbBQDSYQKcu/Zj7iNXr94D/rk=
github.com/pentops/registry v0.0.0-20240604162659-cae1180fc911/go.mod h1:uw4hbuuNAWVIdsmdEVRkKx16REVxbdSYzL5oIGWFLOM=
github.com/pmezard/go-difflib v1.0.0 h1:4DBwDE0NGyQoBHbLQYPwSUPoCMWR5BEzIk/f1lZbAQM=
github.com/pmezard/go-difflib v1.0.0/go.mod h1:iKH77koFhYxTK1pcRnkKkqfTogsbg7gZNVY4sRDYZ/4=
github.com/stretchr/testify v1.9.0 h1:HtqpIVDClZ4nwg75+f6Lvsy/wHu+3BoSGCbBAcpTsTg=
github.com/stretchr/testify v1.9.0/go.mod h1:r2ic/lqez/lEtzL7wO/rwa5dbSLXVDPFyf8C91i36aY=
golang.org/x/crypto v0.23.0 h1:dIJU/v2J8Mdglj/8rJ6UUOM3Zc9zLZxVZwwxMooUSAI=
golang.org/x/crypto v0.23.0/go.mod h1:CKFgDieR+mRhux2Lsu27y0fO304Db0wZe70UKqHu0v8=
golang.org/x/exp v0.0.0-20240525044651-4c93da0ed11d h1:N0hmiNbwsSNwHBAvR3QB5w25pUwH4tK0Y/RltD1j1h4=
golang.org/x/exp v0.0.0-20240525044651-4c93da0ed11d/go.mod h1:XtvwrStGgqGPLc4cjQfWqZHG1YFdYs6swckp8vpsjnc=
golang.org/x/net v0.25.0 h1:d/OCCoBEUq33pjydKrGQhw7IlUPI2Oylr+8qLx49kac=
golang.org/x/net v0.25.0/go.mod h1:JkAGAh7GEvH74S6FOH42FLoXpXbE/aqXSrIQjXgsiwM=
golang.org/x/sys v0.20.0 h1:Od9JTbYCk261bKm4M/mw7AklTlFYIa0bIp9BgSm1S8Y=
golang.org/x/sys v0.20.0/go.mod h1:/VUhepiaJMQUp4+oa/7Zr1D23ma6VTLIYjOOTFZPUcA=
golang.org/x/text v0.15.0 h1:h1V/4gjBv8v9cjcR6+AR5+/cIYK5N/WAgiv4xlsEtAk=
golang.org/x/text v0.15.0/go.mod h1:18ZOQIKpY8NJVqYksKHtTdi31H5itFRjB5/qKTNYzSU=
golang.org/x/xerrors v0.0.0-20191204190536-9bdfabe68543/go.mod h1:I/5z698sn9Ka8TeJc9MKroUUfqBBauWjQqLJ2OPfmY0=
google.golang.org/genproto/googleapis/rpc v0.0.0-20240521202816-d264139d666e h1:Elxv5MwEkCI9f5SkoL6afed6NTdxaGoAo39eANBwHL8=
google.golang.org/genproto/googleapis/rpc v0.0.0-20240521202816-d264139d666e/go.mod h1:EfXuqaE1J41VCDicxHzUDm+8rk+7ZdXzHV0IhO/I6s0=
google.golang.org/grpc v1.64.0 h1:KH3VH9y/MgNQg1dE7b3XfVK0GsPSIzJwdF617gUSbvY=
google.golang.org/grpc v1.64.0/go.mod h1:oxjF8E3FBnjp+/gVFYdWacaLDx9na1aqy9oovLpxQYg=
google.golang.org/protobuf v1.26.0-rc.1/go.mod h1:jlhhOSvTdKEhbULTjvd4ARK9grFBp09yW+WbY/TyQbw=
google.golang.org/protobuf v1.34.1 h1:9ddQBjfCyZPOHPUiPxpYESBLc+T8P3E+Vo4IbKZgFWg=
google.golang.org/protobuf v1.34.1/go.mod h1:c6P6GXX6sHbq/GpV6MGZEdwhWPcYBgnhAHhKbcUYpos=
gopkg.daemonl.com/log v0.0.13 h1:y15F+/WF/XojS1iS2ky9f1KcU5dC4DBIuUcEn458jPY=
gopkg.daemonl.com/log v0.0.13/go.mod h1:Dfp3yqXsgnxrZPm889AWZMiFyGP7ZXNdREqH66EPqRk=
gopkg.in/yaml.v3 v3.0.1 h1:fxVm/GzAzEWqLHuvctI91KS9hhNmmWOoWu0XTYJS7CA=
gopkg.in/yaml.v3 v3.0.1/go.mod h1:K4uyk7z7BCEPqu6E+C64Yfv1cQ7kz7rIZviUmN+EgEM=
