buf.build/gen/go/bufbuild/protovalidate/protocolbuffers/go v1.34.2-20240717164558-a6c49f84cc0f.2 h1:SZRVx928rbYZ6hEKUIN+vtGDkl7uotABRWGY4OAg5gM=
buf.build/gen/go/bufbuild/protovalidate/protocolbuffers/go v1.34.2-20240717164558-a6c49f84cc0f.2/go.mod h1:ylS4c28ACSI59oJrOdW4pHS4n0Hw4TgSPHn8rpHl4Yw=
github.com/DATA-DOG/go-sqlmock v1.5.0 h1:Shsta01QNfFxHCfpW6YH2STWB0MudeXXEWMr20OEh60=
github.com/DATA-DOG/go-sqlmock v1.5.0/go.mod h1:f/Ixk793poVmq4qj/V1dPUg2JEAKC73Q5eFN3EC/SaM=
github.com/antlr4-go/antlr/v4 v4.13.1 h1:SqQKkuVZ+zWkMMNkjy5FZe5mr5WURWnlpmOuzYWrPrQ=
github.com/antlr4-go/antlr/v4 v4.13.1/go.mod h1:GKmUxMtwp6ZgGwZSva4eWPC5mS6vUAmOABFgjdkM7Nw=
github.com/aws/aws-lambda-go v1.47.0 h1:0H8s0vumYx/YKs4sE7YM0ktwL2eWse+kfopsRI1sXVI=
github.com/aws/aws-lambda-go v1.47.0/go.mod h1:dpMpZgvWx5vuQJfBt0zqBha60q7Dd7RfgJv23DymV8A=
github.com/aws/aws-sdk-go-v2 v1.30.5 h1:mWSRTwQAb0aLE17dSzztCVJWI9+cRMgqebndjwDyK0g=
github.com/aws/aws-sdk-go-v2 v1.30.5/go.mod h1:CT+ZPWXbYrci8chcARI3OmI/qgd+f6WtuLOoaIA8PR0=
github.com/aws/aws-sdk-go-v2/config v1.27.33 h1:Nof9o/MsmH4oa0s2q9a0k7tMz5x/Yj5k06lDODWz3BU=
github.com/aws/aws-sdk-go-v2/config v1.27.33/go.mod h1:kEqdYzRb8dd8Sy2pOdEbExTTF5v7ozEXX0McgPE7xks=
github.com/aws/aws-sdk-go-v2/credentials v1.17.32 h1:7Cxhp/BnT2RcGy4VisJ9miUPecY+lyE9I8JvcZofn9I=
github.com/aws/aws-sdk-go-v2/credentials v1.17.32/go.mod h1:P5/QMF3/DCHbXGEGkdbilXHsyTBX5D3HSwcrSc9p20I=
github.com/aws/aws-sdk-go-v2/feature/ec2/imds v1.16.13 h1:pfQ2sqNpMVK6xz2RbqLEL0GH87JOwSxPV2rzm8Zsb74=
github.com/aws/aws-sdk-go-v2/feature/ec2/imds v1.16.13/go.mod h1:NG7RXPUlqfsCLLFfi0+IpKN4sCB9D9fw/qTaSB+xRoU=
github.com/aws/aws-sdk-go-v2/internal/configsources v1.3.17 h1:pI7Bzt0BJtYA0N/JEC6B8fJ4RBrEMi1LBrkMdFYNSnQ=
github.com/aws/aws-sdk-go-v2/internal/configsources v1.3.17/go.mod h1:Dh5zzJYMtxfIjYW+/evjQ8uj2OyR/ve2KROHGHlSFqE=
github.com/aws/aws-sdk-go-v2/internal/endpoints/v2 v2.6.17 h1:Mqr/V5gvrhA2gvgnF42Zh5iMiQNcOYthFYwCyrnuWlc=
github.com/aws/aws-sdk-go-v2/internal/endpoints/v2 v2.6.17/go.mod h1:aLJpZlCmjE+V+KtN1q1uyZkfnUWpQGpbsn89XPKyzfU=
github.com/aws/aws-sdk-go-v2/internal/ini v1.8.1 h1:VaRN3TlFdd6KxX1x3ILT5ynH6HvKgqdiXoTxAF4HQcQ=
github.com/aws/aws-sdk-go-v2/internal/ini v1.8.1/go.mod h1:FbtygfRFze9usAadmnGJNc8KsP346kEe+y2/oyhGAGc=
github.com/aws/aws-sdk-go-v2/internal/v4a v1.3.17 h1:Roo69qTpfu8OlJ2Tb7pAYVuF0CpuUMB0IYWwYP/4DZM=
github.com/aws/aws-sdk-go-v2/internal/v4a v1.3.17/go.mod h1:NcWPxQzGM1USQggaTVwz6VpqMZPX1CvDJLDh6jnOCa4=
github.com/aws/aws-sdk-go-v2/service/eventbridge v1.33.3 h1:pjZzcXU25gsD2WmlmlayEsyXIWMVOK3//x4BXvK9c0U=
github.com/aws/aws-sdk-go-v2/service/eventbridge v1.33.3/go.mod h1:4ew4HelByABYyBE+8iU8Rzrp5PdBic5yd9nFMhbnwE8=
github.com/aws/aws-sdk-go-v2/service/internal/accept-encoding v1.11.4 h1:KypMCbLPPHEmf9DgMGw51jMj77VfGPAN2Kv4cfhlfgI=
github.com/aws/aws-sdk-go-v2/service/internal/accept-encoding v1.11.4/go.mod h1:Vz1JQXliGcQktFTN/LN6uGppAIRoLBR2bMvIMP0gOjc=
github.com/aws/aws-sdk-go-v2/service/internal/presigned-url v1.11.19 h1:rfprUlsdzgl7ZL2KlXiUAoJnI/VxfHCvDFr2QDFj6u4=
github.com/aws/aws-sdk-go-v2/service/internal/presigned-url v1.11.19/go.mod h1:SCWkEdRq8/7EK60NcvvQ6NXKuTcchAD4ROAsC37VEZE=
github.com/aws/aws-sdk-go-v2/service/secretsmanager v1.29.3 h1:+pg3v9mWOmnR01Pxd0dcsDWSLN0GWbcFiKf2YgZ4+SY=
github.com/aws/aws-sdk-go-v2/service/secretsmanager v1.29.3/go.mod h1:M9TqBwpQ7AC6zu1Yji7vijRliqir7hxjuRcnxIk7jCc=
github.com/aws/aws-sdk-go-v2/service/sns v1.31.3 h1:eSTEdxkfle2G98FE+Xl3db/XAXXVTJPNQo9K/Ar8oAI=
github.com/aws/aws-sdk-go-v2/service/sns v1.31.3/go.mod h1:1dn0delSO3J69THuty5iwP0US2Glt0mx2qBBlI13pvw=
github.com/aws/aws-sdk-go-v2/service/sqs v1.34.3 h1:Vjqy5BZCOIsn4Pj8xzyqgGmsSqzz7y/WXbN3RgOoVrc=
github.com/aws/aws-sdk-go-v2/service/sqs v1.34.3/go.mod h1:L0enV3GCRd5iG9B64W35C4/hwsCB00Ib+DKVGTadKHI=
github.com/aws/aws-sdk-go-v2/service/sso v1.22.7 h1:pIaGg+08llrP7Q5aiz9ICWbY8cqhTkyy+0SHvfzQpTc=
github.com/aws/aws-sdk-go-v2/service/sso v1.22.7/go.mod h1:eEygMHnTKH/3kNp9Jr1n3PdejuSNcgwLe1dWgQtO0VQ=
github.com/aws/aws-sdk-go-v2/service/ssooidc v1.26.7 h1:/Cfdu0XV3mONYKaOt1Gr0k1KvQzkzPyiKUdlWJqy+J4=
github.com/aws/aws-sdk-go-v2/service/ssooidc v1.26.7/go.mod h1:bCbAxKDqNvkHxRaIMnyVPXPo+OaPRwvmgzMxbz1VKSA=
github.com/aws/aws-sdk-go-v2/service/sts v1.30.7 h1:NKTa1eqZYw8tiHSRGpP0VtTdub/8KNk8sDkNPFaOKDE=
github.com/aws/aws-sdk-go-v2/service/sts v1.30.7/go.mod h1:NXi1dIAGteSaRLqYgarlhP/Ij0cFT+qmCwiJqWh/U5o=
github.com/aws/smithy-go v1.20.4 h1:2HK1zBdPgRbjFOHlfeQZfpC4r72MOb9bZkiFwggKO+4=
github.com/aws/smithy-go v1.20.4/go.mod h1:irrKGvNn1InZwb2d7fkIRNucdfwR8R+Ts3wxYa/cJHg=
github.com/bufbuild/protocompile v0.14.0 h1:z3DW4IvXE5G/uTOnSQn+qwQQxvhckkTWLS/0No/o7KU=
github.com/bufbuild/protocompile v0.14.0/go.mod h1:N6J1NYzkspJo3ZwyL4Xjvli86XOj1xq4qAasUFxGups=
github.com/bufbuild/protovalidate-go v0.6.5 h1:WucDKXIbK22WjkO8A8J6Yyxxy0jl91Oe9LSMduq3YEE=
github.com/bufbuild/protovalidate-go v0.6.5/go.mod h1:LHDiGCWSM3GagZEnyEZ1sPtFwi6Ja4tVTi/DCc+iDFI=
github.com/davecgh/go-spew v1.1.0/go.mod h1:J7Y8YcW2NihsgmVo/mv3lAwl/skON4iLHjSsI+c5H38=
github.com/davecgh/go-spew v1.1.1 h1:vj9j/u1bqnvCEfJOwUhtlOARqs3+rkHYY13jYWTU97c=
github.com/davecgh/go-spew v1.1.1/go.mod h1:J7Y8YcW2NihsgmVo/mv3lAwl/skON4iLHjSsI+c5H38=
github.com/elgris/sqrl v0.0.0-20210727210741-7e0198b30236 h1:lpeNC/cx4y6FT5JiXlPF/Fuw1KOHPnwDACCs81cpHos=
github.com/elgris/sqrl v0.0.0-20210727210741-7e0198b30236/go.mod h1:hQPgqeM4LmbfKCaBkcedRq5y1yfb8Qb8iYdbuNjE4FU=
github.com/envoyproxy/protoc-gen-validate v1.1.0 h1:tntQDh69XqOCOZsDz0lVJQez/2L6Uu2PdjCQwWCJ3bM=
github.com/envoyproxy/protoc-gen-validate v1.1.0/go.mod h1:sXRDRVmzEbkM7CVcM06s9shE/m23dg3wzjl0UWqJ2q4=
github.com/fatih/color v1.17.0 h1:GlRw1BRJxkpqUCBKzKOw098ed57fEsKeNjpTe3cSjK4=
github.com/fatih/color v1.17.0/go.mod h1:YZ7TlrGPkiz6ku9fK3TLD/pl3CpsiFyu8N92HLgmosI=
github.com/golang/protobuf v1.5.4 h1:i7eJL8qZTpSEXOPTxNKhASYpMn+8e5Q6AdndVa1dWek=
github.com/golang/protobuf v1.5.4/go.mod h1:lnTiLA8Wa4RWRcIUkrtSVa5nRhsEGBg48fD6rSs7xps=
github.com/google/cel-go v0.21.0 h1:cl6uW/gxN+Hy50tNYvI691+sXxioCnstFzLp2WO4GCI=
github.com/google/cel-go v0.21.0/go.mod h1:rHUlWCcBKgyEk+eV03RPdZUekPp6YcJwV0FxuUksYxc=
github.com/google/go-cmp v0.5.2/go.mod h1:v8dTdLbMG2kIc/vJvl+f65V22dbkXbowE6jgT/gNBxE=
github.com/google/go-cmp v0.6.0 h1:ofyhxvXcZhMsU5ulbFiLKl/XBFqE1GSq7atu8tAmTRI=
github.com/google/go-cmp v0.6.0/go.mod h1:17dUlkBOakJ0+DkrSSNjCkIjxS6bF9zb3elmeNGIjoY=
github.com/google/go-github/v47 v47.1.0 h1:Cacm/WxQBOa9lF0FT0EMjZ2BWMetQ1TQfyurn4yF1z8=
github.com/google/go-github/v47 v47.1.0/go.mod h1:VPZBXNbFSJGjyjFRUKo9vZGawTajnWzC/YjGw/oFKi0=
github.com/google/go-querystring v1.1.0 h1:AnCroh3fv4ZBgVIf1Iwtovgjaw/GiKJo8M8yD/fhyJ8=
github.com/google/go-querystring v1.1.0/go.mod h1:Kcdr2DB4koayq7X8pmAG4sNG59So17icRSOU623lUBU=
github.com/google/uuid v1.6.0 h1:NIvaJDMOsjHA8n1jAhLSgzrAzy1Hgr+hNrb57e+94F0=
github.com/google/uuid v1.6.0/go.mod h1:TIyPZe4MgqvfeYDBFedMoGGpEw/LqOeaOT+nhxU+yHo=
github.com/jhump/protoreflect v1.16.0 h1:54fZg+49widqXYQ0b+usAFHbMkBGR4PpXrsHc8+TBDg=
github.com/jhump/protoreflect v1.16.0/go.mod h1:oYPd7nPvcBw/5wlDfm/AVmU9zH9BgqGCI469pGxfj/8=
github.com/lib/pq v1.10.9 h1:YXG7RB+JIjhP29X+OtkiDnYaXQwpS4JEWq7dtCCRUEw=
github.com/lib/pq v1.10.9/go.mod h1:AlVN5x4E4T544tWzH6hKfbfQvm3HdbOxrmggDNAPY9o=
github.com/mattn/go-colorable v0.1.13 h1:fFA4WZxdEF4tXPZVKMLwD8oUnCTTo08duU7wxecdEvA=
github.com/mattn/go-colorable v0.1.13/go.mod h1:7S9/ev0klgBDR4GtXTXX8a3vIGJpMovkB8vQcUbaXHg=
github.com/mattn/go-isatty v0.0.16/go.mod h1:kYGgaQfpe5nmfYZH+SKPsOc2e4SrIfOl2e/yFXSvRLM=
github.com/mattn/go-isatty v0.0.20 h1:xfD0iDuEKnDkl03q4limB+vH+GxLEtL/jb4xVJSWWEY=
github.com/mattn/go-isatty v0.0.20/go.mod h1:W+V8PltTTMOvKvAeJH7IuucS94S2C6jfK/D7dTCTo3Y=
github.com/pentops/flowtest v0.0.0-20240917192406-c387da443c68 h1:6pkcxmeCRSsSZ1HcMpgdPDAC9xvK9eRuxt1F9epOdpA=
github.com/pentops/flowtest v0.0.0-20240917192406-c387da443c68/go.mod h1:klQLA1IXCIN8mQoQ9uq6TSxHyamObeIlJ51YT165KeE=
github.com/pentops/j5 v0.0.0-20240923235006-4e9cc847f113 h1:GE4USjULk+oL5xEG+AZxCS/jLR4JIfsblJtsHMkgyjE=
github.com/pentops/j5 v0.0.0-20240923235006-4e9cc847f113/go.mod h1:+DXEHJ1pFc/ddS+YDZEGVmntTStKp+jHqEbd26S5/jk=
github.com/pentops/log.go v0.0.0-20240806161938-2742d05b4c24 h1:PzCwWkSWY7GO8fS7RQ9F0ZOE6PuaY27mh6ApaXLBMJI=
github.com/pentops/log.go v0.0.0-20240806161938-2742d05b4c24/go.mod h1:Rx5b9QWbqb3gOMBILxQYMberRKvarMa8R5PxF/ejJeU=
github.com/pentops/o5-messaging v0.0.0-20240917175438-554bc6c7bc73 h1:WqOFbhgoB7FkJxX+qPQuDrmXFNqIrZa2chcxZxv58no=
github.com/pentops/o5-messaging v0.0.0-20240917175438-554bc6c7bc73/go.mod h1:AWRFW50+2q4/IFOP8YWuYcsJ6bkqiEQr6czVua7YfmQ=
github.com/pentops/o5-runtime-sidecar v0.0.0-20240810015839-4cbad3cb2923 h1:4B6jOryY3RFx5wPFh4a43wJOoLIMPcY2cJa409B3wEQ=
github.com/pentops/o5-runtime-sidecar v0.0.0-20240810015839-4cbad3cb2923/go.mod h1:m1VSVI3hxCg/OfrxtMI7znJu0fgX8OMJOmoZRJi8Xo0=
github.com/pentops/protostate v0.0.0-20240923204034-0cd7da8dfca4 h1:tAQHsadmnf6aEBhqhfy87YF+ixTbIJPjCeluQfVqHQ0=
github.com/pentops/protostate v0.0.0-20240923204034-0cd7da8dfca4/go.mod h1:qpQie3o/0xnDyhqG+H/oBGlwoAu+iwpGtYV6+Jdekvk=
github.com/pentops/registry v0.0.0-20240923162155-3806493408ef h1:I5Oc5jI/PFJojz8CD9noNhmVK6FFAxzjNhkvGDIIMv4=
github.com/pentops/registry v0.0.0-20240923162155-3806493408ef/go.mod h1:Ym7RA4btFlutqdA/2miXxGkAZHGMT3AViJHc+4W88Ho=
github.com/pentops/sqrlx.go v0.0.0-20240806064322-33adc0ac5bd4 h1:zBn6k4ZRoQngAU5rrlwDKCULUJW/xg2OP0uGGHlP3F8=
github.com/pentops/sqrlx.go v0.0.0-20240806064322-33adc0ac5bd4/go.mod h1:dbiBMU7/OyUfBxCRQBrwmvb2PY8VC8WjbsQOKIH2OCs=
github.com/pmezard/go-difflib v1.0.0 h1:4DBwDE0NGyQoBHbLQYPwSUPoCMWR5BEzIk/f1lZbAQM=
github.com/pmezard/go-difflib v1.0.0/go.mod h1:iKH77koFhYxTK1pcRnkKkqfTogsbg7gZNVY4sRDYZ/4=
github.com/stoewer/go-strcase v1.3.0 h1:g0eASXYtp+yvN9fK8sH94oCIk0fau9uV1/ZdJ0AVEzs=
github.com/stoewer/go-strcase v1.3.0/go.mod h1:fAH5hQ5pehh+j3nZfvwdk2RgEgQjAoM8wodgtPmh1xo=
github.com/stretchr/objx v0.1.0/go.mod h1:HFkY916IF+rwdDfMAkV7OtwuqBVzrE8GR6GFx+wExME=
github.com/stretchr/objx v0.4.0/go.mod h1:YvHI0jy2hoMjB+UWwv71VJQ9isScKT/TqJzVSSt89Yw=
github.com/stretchr/objx v0.5.0/go.mod h1:Yh+to48EsGEfYuaHDzXPcE3xhTkx73EhmCGUpEOglKo=
github.com/stretchr/testify v1.2.2/go.mod h1:a8OnRcib4nhh0OaRAV+Yts87kKdq0PP7pXfy6kDkUVs=
github.com/stretchr/testify v1.7.1/go.mod h1:6Fq8oRcR53rry900zMqJjRRixrwX3KX962/h/Wwjteg=
github.com/stretchr/testify v1.8.0/go.mod h1:yNjHg4UonilssWZ8iaSj1OCr/vHnekPRkoO+kdMU+MU=
github.com/stretchr/testify v1.8.1/go.mod h1:w2LPCIKwWwSfY2zedu0+kehJoqGctiVI29o6fzry7u4=
github.com/stretchr/testify v1.9.0 h1:HtqpIVDClZ4nwg75+f6Lvsy/wHu+3BoSGCbBAcpTsTg=
github.com/stretchr/testify v1.9.0/go.mod h1:r2ic/lqez/lEtzL7wO/rwa5dbSLXVDPFyf8C91i36aY=
golang.org/x/crypto v0.26.0 h1:RrRspgV4mU+YwB4FYnuBoKsUapNIL5cohGAmSH3azsw=
golang.org/x/crypto v0.26.0/go.mod h1:GY7jblb9wI+FOo5y8/S2oY4zWP07AkOJ4+jxCqdqn54=
golang.org/x/exp v0.0.0-20240904232852-e7e105dedf7e h1:I88y4caeGeuDQxgdoFPUq097j7kNfw6uvuiNxUBfcBk=
golang.org/x/exp v0.0.0-20240904232852-e7e105dedf7e/go.mod h1:akd2r19cwCdwSwWeIdzYQGa/EZZyqcOdwWiwj5L5eKQ=
golang.org/x/net v0.28.0 h1:a9JDOJc5GMUJ0+UDqmLT86WiEy7iWyIhz8gz8E4e5hE=
golang.org/x/net v0.28.0/go.mod h1:yqtgsTWOOnlGLG9GFRrK3++bGOUEkNBoHZc8MEDWPNg=
golang.org/x/sync v0.8.0 h1:3NFvSEYkUoMifnESzZl15y791HH1qU2xm6eCJU5ZPXQ=
golang.org/x/sync v0.8.0/go.mod h1:Czt+wKu1gCyEFDUtn0jG5QVvpJ6rzVqr5aXyt9drQfk=
golang.org/x/sys v0.0.0-20220811171246-fbc7d0a398ab/go.mod h1:oPkhp1MJrh7nUepCBck5+mAzfO9JrbApNNgaTdGDITg=
golang.org/x/sys v0.6.0/go.mod h1:oPkhp1MJrh7nUepCBck5+mAzfO9JrbApNNgaTdGDITg=
golang.org/x/sys v0.25.0 h1:r+8e+loiHxRqhXVl6ML1nO3l1+oFoWbnlu2Ehimmi34=
golang.org/x/sys v0.25.0/go.mod h1:/VUhepiaJMQUp4+oa/7Zr1D23ma6VTLIYjOOTFZPUcA=
golang.org/x/text v0.18.0 h1:XvMDiNzPAl0jr17s6W9lcaIhGUfUORdGCNsuLmPG224=
golang.org/x/text v0.18.0/go.mod h1:BuEKDfySbSR4drPmRPG/7iBdf8hvFMuRexcpahXilzY=
golang.org/x/xerrors v0.0.0-20191204190536-9bdfabe68543/go.mod h1:I/5z698sn9Ka8TeJc9MKroUUfqBBauWjQqLJ2OPfmY0=
google.golang.org/genproto/googleapis/api v0.0.0-20240903143218-8af14fe29dc1 h1:hjSy6tcFQZ171igDaN5QHOw2n6vx40juYbC/x67CEhc=
google.golang.org/genproto/googleapis/api v0.0.0-20240903143218-8af14fe29dc1/go.mod h1:qpvKtACPCQhAdu3PyQgV4l3LMXZEtft7y8QcarRsp9I=
google.golang.org/genproto/googleapis/rpc v0.0.0-20240903143218-8af14fe29dc1 h1:pPJltXNxVzT4pK9yD8vR9X75DaWYYmLGMsEvBfFQZzQ=
google.golang.org/genproto/googleapis/rpc v0.0.0-20240903143218-8af14fe29dc1/go.mod h1:UqMtugtsSgubUsoxbuAoiCXvqvErP7Gf0so0mK9tHxU=
google.golang.org/grpc v1.66.0 h1:DibZuoBznOxbDQxRINckZcUvnCEvrW9pcWIE2yF9r1c=
google.golang.org/grpc v1.66.0/go.mod h1:s3/l6xSSCURdVfAnL+TqCNMyTDAGN6+lZeVxnZR128Y=
google.golang.org/protobuf v1.34.2 h1:6xV6lTsCfpGD21XK49h7MhtcApnLqkfYgPcdHftf6hg=
google.golang.org/protobuf v1.34.2/go.mod h1:qYOHts0dSfpeUzUFpOMr/WGzszTmLH+DiWniOlNbLDw=
gopkg.in/check.v1 v0.0.0-20161208181325-20d25e280405/go.mod h1:Co6ibVJAznAaIkqp8huTwlJQCZ016jof/cbN4VW5Yz0=
gopkg.in/yaml.v3 v3.0.0-20200313102051-9f266ea9e77c/go.mod h1:K4uyk7z7BCEPqu6E+C64Yfv1cQ7kz7rIZviUmN+EgEM=
gopkg.in/yaml.v3 v3.0.1 h1:fxVm/GzAzEWqLHuvctI91KS9hhNmmWOoWu0XTYJS7CA=
gopkg.in/yaml.v3 v3.0.1/go.mod h1:K4uyk7z7BCEPqu6E+C64Yfv1cQ7kz7rIZviUmN+EgEM=
